
Microsoft Visual Studio Solution File, Format Version 12.00
# Visual Studio Version 16
VisualStudioVersion = 16.0.30523.141
MinimumVisualStudioVersion = 10.0.40219.1
Project("{FAE04EC0-301F-11D3-BF4B-00C04F79EFBC}") = "Tudor_Muntean_Lab2", "Tudor_Muntean_Lab2.csproj", "{D1FC7F2A-ABA2-4DD3-B84E-33FA631D3C74}"
EndProject
Global
	GlobalSection(SolutionConfigurationPlatforms) = preSolution
		Debug|Any CPU = Debug|Any CPU
		Release|Any CPU = Release|Any CPU
	EndGlobalSection
	GlobalSection(ProjectConfigurationPlatforms) = postSolution
		{D1FC7F2A-ABA2-4DD3-B84E-33FA631D3C74}.Debug|Any CPU.ActiveCfg = Debug|Any CPU
		{D1FC7F2A-ABA2-4DD3-B84E-33FA631D3C74}.Debug|Any CPU.Build.0 = Debug|Any CPU
		{D1FC7F2A-ABA2-4DD3-B84E-33FA631D3C74}.Release|Any CPU.ActiveCfg = Release|Any CPU
		{D1FC7F2A-ABA2-4DD3-B84E-33FA631D3C74}.Release|Any CPU.Build.0 = Release|Any CPU
	EndGlobalSection
	GlobalSection(SolutionProperties) = preSolution
		HideSolutionNode = FALSE
	EndGlobalSection
	GlobalSection(ExtensibilityGlobals) = postSolution
		SolutionGuid = {2E210CEE-4C72-4E97-99D7-EE30B2EF3F60}
	EndGlobalSection
EndGlobal
